
Microsoft Visual Studio Solution File, Format Version 12.00
# Visual Studio Version 17
VisualStudioVersion = 17.0.31710.8
MinimumVisualStudioVersion = 10.0.40219.1
Project("{FAE04EC0-301F-11D3-BF4B-00C04F79EFBC}") = "Abstract Factory", "Abstract Factory\Abstract Factory.csproj", "{835E60F9-EEF2-43EF-A554-3D4152C58E25}"
EndProject
Global
	GlobalSection(SolutionConfigurationPlatforms) = preSolution
		Debug|Any CPU = Debug|Any CPU
		Release|Any CPU = Release|Any CPU
	EndGlobalSection
	GlobalSection(ProjectConfigurationPlatforms) = postSolution
		{835E60F9-EEF2-43EF-A554-3D4152C58E25}.Debug|Any CPU.ActiveCfg = Debug|Any CPU
		{835E60F9-EEF2-43EF-A554-3D4152C58E25}.Debug|Any CPU.Build.0 = Debug|Any CPU
		{835E60F9-EEF2-43EF-A554-3D4152C58E25}.Release|Any CPU.ActiveCfg = Release|Any CPU
		{835E60F9-EEF2-43EF-A554-3D4152C58E25}.Release|Any CPU.Build.0 = Release|Any CPU
	EndGlobalSection
	GlobalSection(SolutionProperties) = preSolution
		HideSolutionNode = FALSE
	EndGlobalSection
	GlobalSection(ExtensibilityGlobals) = postSolution
		SolutionGuid = {E32A2EF7-3731-4D59-9EC7-B8F993D05F1F}
	EndGlobalSection
EndGlobal
